
Microsoft Visual Studio Solution File, Format Version 12.00
# Visual Studio Version 17
VisualStudioVersion = 17.2.32616.157
MinimumVisualStudioVersion = 10.0.40219.1
Project("{FAE04EC0-301F-11D3-BF4B-00C04F79EFBC}") = "Loginform2", "Loginform2\Loginform2.csproj", "{A8294B5E-0A61-41D5-92E9-9FC7DCCAD572}"
EndProject
Global
	GlobalSection(SolutionConfigurationPlatforms) = preSolution
		Debug|Any CPU = Debug|Any CPU
		Release|Any CPU = Release|Any CPU
	EndGlobalSection
	GlobalSection(ProjectConfigurationPlatforms) = postSolution
		{A8294B5E-0A61-41D5-92E9-9FC7DCCAD572}.Debug|Any CPU.ActiveCfg = Debug|Any CPU
		{A8294B5E-0A61-41D5-92E9-9FC7DCCAD572}.Debug|Any CPU.Build.0 = Debug|Any CPU
		{A8294B5E-0A61-41D5-92E9-9FC7DCCAD572}.Release|Any CPU.ActiveCfg = Release|Any CPU
		{A8294B5E-0A61-41D5-92E9-9FC7DCCAD572}.Release|Any CPU.Build.0 = Release|Any CPU
	EndGlobalSection
	GlobalSection(SolutionProperties) = preSolution
		HideSolutionNode = FALSE
	EndGlobalSection
	GlobalSection(ExtensibilityGlobals) = postSolution
		SolutionGuid = {647D598F-A466-432F-846C-36C5CE8D2990}
	EndGlobalSection
EndGlobal
